PODS:
  - Flutter (1.0.0)
  - SwiftProtobuf (1.21.0)
  - trust_wallet_core (0.0.1):
    - Flutter
    - TrustWalletCore (= 3.1.18)
  - TrustWalletCore (3.1.18):
    - TrustWalletCore/Core (= 3.1.18)
  - TrustWalletCore/Core (3.1.18):
    - TrustWalletCore/Types
  - TrustWalletCore/Types (3.1.18):
    - SwiftProtobuf

DEPENDENCIES:
  - Flutter (from `Flutter`)
  - trust_wallet_core (from `.symlinks/plugins/trust_wallet_core/ios`)

SPEC REPOS:
  trunk:
    - SwiftProtobuf
    - TrustWalletCore

EXTERNAL SOURCES:
  Flutter:
    :path: Flutter
  trust_wallet_core:
    :path: ".symlinks/plugins/trust_wallet_core/ios"

SPEC CHECKSUMS:
  Flutter: e0871f40cf51350855a761d2e70bf5af5b9b5de7
  SwiftProtobuf: afced68785854575756db965e9da52bbf3dc45e7
  trust_wallet_core: 6f7eb18bc6b00cece026a8c82c7651a7520ca55a
  TrustWalletCore: fabbb38652ab559ee25c864af8836e6481a7e22b

PODFILE CHECKSUM: c4c93c5f6502fe2754f48404d3594bf779584011

COCOAPODS: 1.15.2
